
Microsoft Visual Studio Solution File, Format Version 12.00
# Visual Studio Version 17
VisualStudioVersion = 17.8.34330.188
MinimumVisualStudioVersion = 10.0.40219.1
Project("{FAE04EC0-301F-11D3-BF4B-00C04F79EFBC}") = "Chocolatey.BestPractices", "Chocolatey.BestPractices.csproj", "{6A00B006-B692-4E3D-AEF3-21224C06B57C}"
EndProject
Global
	GlobalSection(SolutionConfigurationPlatforms) = preSolution
		Debug|Any CPU = Debug|Any CPU
		Release|Any CPU = Release|Any CPU
	EndGlobalSection
	GlobalSection(ProjectConfigurationPlatforms) = postSolution
		{6A00B006-B692-4E3D-AEF3-21224C06B57C}.Debug|Any CPU.ActiveCfg = Debug|Any CPU
		{6A00B006-B692-4E3D-AEF3-21224C06B57C}.Debug|Any CPU.Build.0 = Debug|Any CPU
		{6A00B006-B692-4E3D-AEF3-21224C06B57C}.Release|Any CPU.ActiveCfg = Release|Any CPU
		{6A00B006-B692-4E3D-AEF3-21224C06B57C}.Release|Any CPU.Build.0 = Release|Any CPU
	EndGlobalSection
	GlobalSection(SolutionProperties) = preSolution
		HideSolutionNode = FALSE
	EndGlobalSection
	GlobalSection(ExtensibilityGlobals) = postSolution
		SolutionGuid = {50C1B4EB-E08F-4C28-99C2-66C9034758F6}
	EndGlobalSection
EndGlobal
